
Microsoft Visual Studio Solution File, Format Version 12.00
# Visual Studio Version 17
VisualStudioVersion = 17.10.35013.160
MinimumVisualStudioVersion = 10.0.40219.1
Project("{FAE04EC0-301F-11D3-BF4B-00C04F79EFBC}") = "taskLinqu", "taskLinqu\taskLinqu.csproj", "{E29D85DF-9B85-4420-BC33-7C5413A70B90}"
EndProject
Global
	GlobalSection(SolutionConfigurationPlatforms) = preSolution
		Debug|Any CPU = Debug|Any CPU
		Release|Any CPU = Release|Any CPU
	EndGlobalSection
	GlobalSection(ProjectConfigurationPlatforms) = postSolution
		{E29D85DF-9B85-4420-BC33-7C5413A70B90}.Debug|Any CPU.ActiveCfg = Debug|Any CPU
		{E29D85DF-9B85-4420-BC33-7C5413A70B90}.Debug|Any CPU.Build.0 = Debug|Any CPU
		{E29D85DF-9B85-4420-BC33-7C5413A70B90}.Release|Any CPU.ActiveCfg = Release|Any CPU
		{E29D85DF-9B85-4420-BC33-7C5413A70B90}.Release|Any CPU.Build.0 = Release|Any CPU
	EndGlobalSection
	GlobalSection(SolutionProperties) = preSolution
		HideSolutionNode = FALSE
	EndGlobalSection
	GlobalSection(ExtensibilityGlobals) = postSolution
		SolutionGuid = {8B4AA942-3BA6-4846-928A-91E1385F4093}
	EndGlobalSection
EndGlobal
